// !$*UTF8*$!
{
	archiveVersion = 1;
	classes = {
	};
	objectVersion = 46;
	objects = {

/* Begin PBXBuildFile section */
		346D83371EBDCBA7006E6E2E /* Player.cpp in Sources */ = {isa = PBXBuildFile; fileRef = 346D83351EBDCBA7006E6E2E /* Player.cpp */; };
		34BA7FB41EC0A918003BAF3D /* Enemy.cpp in Sources */ = {isa = PBXBuildFile; fileRef = 34BA7FB21EC0A918003BAF3D /* Enemy.cpp */; };
		34BA7FB71EC0DBFE003BAF3D /* Inventory.cpp in Sources */ = {isa = PBXBuildFile; fileRef = 34BA7FB51EC0DBFE003BAF3D /* Inventory.cpp */; };
		34DAFDFC1EBB691A006C7691 /* main.cpp in Sources */ = {isa = PBXBuildFile; fileRef = 34DAFDFB1EBB691A006C7691 /* main.cpp */; };
		34FD46E01EBBB0DD00F80BD0 /* LevelLoader.cpp in Sources */ = {isa = PBXBuildFile; fileRef = 34FD46DE1EBBB0DD00F80BD0 /* LevelLoader.cpp */; };
/* End PBXBuildFile section */

/* Begin PBXCopyFilesBuildPhase section */
		34DAFDF61EBB691A006C7691 /* CopyFiles */ = {
			isa = PBXCopyFilesBuildPhase;
			buildActionMask = 2147483647;
			dstPath = /usr/share/man/man1/;
			dstSubfolderSpec = 0;
			files = (
			);
			runOnlyForDeploymentPostprocessing = 1;
		};
/* End PBXCopyFilesBuildPhase section */

/* Begin PBXFileReference section */
		346967891ECA3FF80083635F /* conio_win */ = {isa = PBXFileReference; lastKnownFileType = folder; path = conio_win; sourceTree = "<group>"; };
		346D83351EBDCBA7006E6E2E /* Player.cpp */ = {isa = PBXFileReference; fileEncoding = 4; lastKnownFileType = sourcecode.cpp.cpp; path = Player.cpp; sourceTree = "<group>"; };
		346D83361EBDCBA7006E6E2E /* Player.hpp */ = {isa = PBXFileReference; fileEncoding = 4; lastKnownFileType = sourcecode.cpp.h; path = Player.hpp; sourceTree = "<group>"; };
		34BA7FB21EC0A918003BAF3D /* Enemy.cpp */ = {isa = PBXFileReference; fileEncoding = 4; lastKnownFileType = sourcecode.cpp.cpp; path = Enemy.cpp; sourceTree = "<group>"; };
		34BA7FB31EC0A918003BAF3D /* Enemy.hpp */ = {isa = PBXFileReference; fileEncoding = 4; lastKnownFileType = sourcecode.cpp.h; path = Enemy.hpp; sourceTree = "<group>"; };
		34BA7FB51EC0DBFE003BAF3D /* Inventory.cpp */ = {isa = PBXFileReference; fileEncoding = 4; lastKnownFileType = sourcecode.cpp.cpp; path = Inventory.cpp; sourceTree = "<group>"; };
		34BA7FB61EC0DBFE003BAF3D /* Inventory.hpp */ = {isa = PBXFileReference; fileEncoding = 4; lastKnownFileType = sourcecode.cpp.h; path = Inventory.hpp; sourceTree = "<group>"; };
		34DAFDF81EBB691A006C7691 /* RougeLikeRpg */ = {isa = PBXFileReference; explicitFileType = "compiled.mach-o.executable"; includeInIndex = 0; path = RougeLikeRpg; sourceTree = BUILT_PRODUCTS_DIR; };
		34DAFDFB1EBB691A006C7691 /* main.cpp */ = {isa = PBXFileReference; lastKnownFileType = sourcecode.cpp.cpp; path = main.cpp; sourceTree = "<group>"; };
		34FD46DE1EBBB0DD00F80BD0 /* LevelLoader.cpp */ = {isa = PBXFileReference; fileEncoding = 4; lastKnownFileType = sourcecode.cpp.cpp; path = LevelLoader.cpp; sourceTree = "<group>"; };
		34FD46DF1EBBB0DD00F80BD0 /* LevelLoader.hpp */ = {isa = PBXFileReference; fileEncoding = 4; lastKnownFileType = sourcecode.cpp.h; path = LevelLoader.hpp; sourceTree = "<group>"; };
/* End PBXFileReference section */

/* Begin PBXFrameworksBuildPhase section */
		34DAFDF51EBB691A006C7691 /* Frameworks */ = {
			isa = PBXFrameworksBuildPhase;
			buildActionMask = 2147483647;
			files = (
			);
			runOnlyForDeploymentPostprocessing = 0;
		};
/* End PBXFrameworksBuildPhase section */

/* Begin PBXGroup section */
		34DAFDEF1EBB691A006C7691 = {
			isa = PBXGroup;
			children = (
				34DAFDFA1EBB691A006C7691 /* RougeLikeRpg */,
				34DAFDF91EBB691A006C7691 /* Products */,
			);
			sourceTree = "<group>";
		};
		34DAFDF91EBB691A006C7691 /* Products */ = {
			isa = PBXGroup;
			children = (
				34DAFDF81EBB691A006C7691 /* RougeLikeRpg */,
			);
			name = Products;
			sourceTree = "<group>";
		};
		34DAFDFA1EBB691A006C7691 /* RougeLikeRpg */ = {
			isa = PBXGroup;
			children = (
				346967891ECA3FF80083635F /* conio_win */,
				34DAFDFB1EBB691A006C7691 /* main.cpp */,
				34FD46DE1EBBB0DD00F80BD0 /* LevelLoader.cpp */,
				34FD46DF1EBBB0DD00F80BD0 /* LevelLoader.hpp */,
				346D83351EBDCBA7006E6E2E /* Player.cpp */,
				346D83361EBDCBA7006E6E2E /* Player.hpp */,
				34BA7FB21EC0A918003BAF3D /* Enemy.cpp */,
				34BA7FB31EC0A918003BAF3D /* Enemy.hpp */,
				34BA7FB51EC0DBFE003BAF3D /* Inventory.cpp */,
				34BA7FB61EC0DBFE003BAF3D /* Inventory.hpp */,
			);
			path = RougeLikeRpg;
			sourceTree = "<group>";
		};
/* End PBXGroup section */

/* Begin PBXNativeTarget section */
		34DAFDF71EBB691A006C7691 /* RougeLikeRpg */ = {
			isa = PBXNativeTarget;
			buildConfigurationList = 34DAFDFF1EBB691A006C7691 /* Build configuration list for PBXNativeTarget "RougeLikeRpg" */;
			buildPhases = (
				34DAFDF41EBB691A006C7691 /* Sources */,
				34DAFDF51EBB691A006C7691 /* Frameworks */,
				34DAFDF61EBB691A006C7691 /* CopyFiles */,
			);
			buildRules = (
			);
			dependencies = (
			);
			name = RougeLikeRpg;
			productName = RougeLikeRpg;
			productReference = 34DAFDF81EBB691A006C7691 /* RougeLikeRpg */;
			productType = "com.apple.product-type.tool";
		};
/* End PBXNativeTarget section */

/* Begin PBXProject section */
		34DAFDF01EBB691A006C7691 /* Project object */ = {
			isa = PBXProject;
			attributes = {
				LastUpgradeCheck = 0830;
				ORGANIZATIONNAME = "Ilia Sviatlovich";
				TargetAttributes = {
					34DAFDF71EBB691A006C7691 = {
						CreatedOnToolsVersion = 8.3.2;
						ProvisioningStyle = Automatic;
					};
				};
			};
			buildConfigurationList = 34DAFDF31EBB691A006C7691 /* Build configuration list for PBXProject "RougeLikeRpg" */;
			compatibilityVersion = "Xcode 3.2";
			developmentRegion = English;
			hasScannedForEncodings = 0;
			knownRegions = (
				en,
			);
			mainGroup = 34DAFDEF1EBB691A006C7691;
			productRefGroup = 34DAFDF91EBB691A006C7691 /* Products */;
			projectDirPath = "";
			projectRoot = "";
			targets = (
				34DAFDF71EBB691A006C7691 /* RougeLikeRpg */,
			);
		};
/* End PBXProject section */

/* Begin PBXSourcesBuildPhase section */
		34DAFDF41EBB691A006C7691 /* Sources */ = {
			isa = PBXSourcesBuildPhase;
			buildActionMask = 2147483647;
			files = (
				34BA7FB41EC0A918003BAF3D /* Enemy.cpp in Sources */,
				34DAFDFC1EBB691A006C7691 /* main.cpp in Sources */,
				34FD46E01EBBB0DD00F80BD0 /* LevelLoader.cpp in Sources */,
				34BA7FB71EC0DBFE003BAF3D /* Inventory.cpp in Sources */,
				346D83371EBDCBA7006E6E2E /* Player.cpp in Sources */,
			);
			runOnlyForDeploymentPostprocessing = 0;
		};
/* End PBXSourcesBuildPhase section */

/* Begin XCBuildConfiguration section */
		34DAFDFD1EBB691A006C7691 /* Debug */ = {
			isa = XCBuildConfiguration;
			buildSettings = {
				ALWAYS_SEARCH_USER_PATHS = NO;
				CLANG_ANALYZER_NONNULL = YES;
				CLANG_ANALYZER_NUMBER_OBJECT_CONVERSION = YES_AGGRESSIVE;
				CLANG_CXX_LANGUAGE_STANDARD = "gnu++0x";
				CLANG_CXX_LIBRARY = "libc++";
				CLANG_ENABLE_MODULES = YES;
				CLANG_ENABLE_OBJC_ARC = YES;
				CLANG_WARN_BOOL_CONVERSION = YES;
				CLANG_WARN_CONSTANT_CONVERSION = YES;
				CLANG_WARN_DIRECT_OBJC_ISA_USAGE = YES_ERROR;
				CLANG_WARN_DOCUMENTATION_COMMENTS = YES;
				CLANG_WARN_EMPTY_BODY = YES;
				CLANG_WARN_ENUM_CONVERSION = YES;
				CLANG_WARN_INFINITE_RECURSION = YES;
				CLANG_WARN_INT_CONVERSION = YES;
				CLANG_WARN_OBJC_ROOT_CLASS = YES_ERROR;
				CLANG_WARN_SUSPICIOUS_MOVE = YES;
				CLANG_WARN_UNREACHABLE_CODE = YES;
				CLANG_WARN__DUPLICATE_METHOD_MATCH = YES;
				CODE_SIGN_IDENTITY = "-";
				COPY_PHASE_STRIP = NO;
				DEBUG_INFORMATION_FORMAT = dwarf;
				ENABLE_STRICT_OBJC_MSGSEND = YES;
				ENABLE_TESTABILITY = YES;
				GCC_C_LANGUAGE_STANDARD = gnu99;
				GCC_DYNAMIC_NO_PIC = NO;
				GCC_NO_COMMON_BLOCKS = YES;
				GCC_OPTIMIZATION_LEVEL = 0;
				GCC_PREPROCESSOR_DEFINITIONS = (
					"DEBUG=1",
					"$(inherited)",
				);
				GCC_WARN_64_TO_32_BIT_CONVERSION = YES;
				GCC_WARN_ABOUT_RETURN_TYPE = YES_ERROR;
				GCC_WARN_UNDECLARED_SELECTOR = YES;
				GCC_WARN_UNINITIALIZED_AUTOS = YES_AGGRESSIVE;
				GCC_WARN_UNUSED_FUNCTION = YES;
				GCC_WARN_UNUSED_VARIABLE = YES;
				MACOSX_DEPLOYMENT_TARGET = 10.12;
				MTL_ENABLE_DEBUG_INFO = YES;
				ONLY_ACTIVE_ARCH = YES;
				SDKROOT = macosx;
			};
			name = Debug;
		};
		34DAFDFE1EBB691A006C7691 /* Release */ = {
			isa = XCBuildConfiguration;
			buildSettings = {
				ALWAYS_SEARCH_USER_PATHS = NO;
				CLANG_ANALYZER_NONNULL = YES;
				CLANG_ANALYZER_NUMBER_OBJECT_CONVERSION = YES_AGGRESSIVE;
				CLANG_CXX_LANGUAGE_STANDARD = "gnu++0x";
				CLANG_CXX_LIBRARY = "libc++";
				CLANG_ENABLE_MODULES = YES;
				CLANG_ENABLE_OBJC_ARC = YES;
				CLANG_WARN_BOOL_CONVERSION = YES;
				CLANG_WARN_CONSTANT_CONVERSION = YES;
				CLANG_WARN_DIRECT_OBJC_ISA_USAGE = YES_ERROR;
				CLANG_WARN_DOCUMENTATION_COMMENTS = YES;
				CLANG_WARN_EMPTY_BODY = YES;
				CLANG_WARN_ENUM_CONVERSION = YES;
				CLANG_WARN_INFINITE_RECURSION = YES;
				CLANG_WARN_INT_CONVERSION = YES;
				CLANG_WARN_OBJC_ROOT_CLASS = YES_ERROR;
				CLANG_WARN_SUSPICIOUS_MOVE = YES;
				CLANG_WARN_UNREACHABLE_CODE = YES;
				CLANG_WARN__DUPLICATE_METHOD_MATCH = YES;
				CODE_SIGN_IDENTITY = "-";
				COPY_PHASE_STRIP = NO;
				DEBUG_INFORMATION_FORMAT = "dwarf-with-dsym";
				ENABLE_NS_ASSERTIONS = NO;
				ENABLE_STRICT_OBJC_MSGSEND = YES;
				GCC_C_LANGUAGE_STANDARD = gnu99;
				GCC_NO_COMMON_BLOCKS = YES;
				GCC_WARN_64_TO_32_BIT_CONVERSION = YES;
				GCC_WARN_ABOUT_RETURN_TYPE = YES_ERROR;
				GCC_WARN_UNDECLARED_SELECTOR = YES;
				GCC_WARN_UNINITIALIZED_AUTOS = YES_AGGRESSIVE;
				GCC_WARN_UNUSED_FUNCTION = YES;
				GCC_WARN_UNUSED_VARIABLE = YES;
				MACOSX_DEPLOYMENT_TARGET = 10.12;
				MTL_ENABLE_DEBUG_INFO = NO;
				SDKROOT = macosx;
			};
			name = Release;
		};
		34DAFE001EBB691A006C7691 /* Debug */ = {
			isa = XCBuildConfiguration;
			buildSettings = {
				CLANG_CXX_LANGUAGE_STANDARD = "gnu++14";
				PRODUCT_NAME = "$(TARGET_NAME)";
			};
			name = Debug;
		};
		34DAFE011EBB691A006C7691 /* Release */ = {
			isa = XCBuildConfiguration;
			buildSettings = {
				CLANG_CXX_LANGUAGE_STANDARD = "gnu++14";
				PRODUCT_NAME = "$(TARGET_NAME)";
			};
			name = Release;
		};
/* End XCBuildConfiguration section */

/* Begin XCConfigurationList section */
		34DAFDF31EBB691A006C7691 /* Build configuration list for PBXProject "RougeLikeRpg" */ = {
			isa = XCConfigurationList;
			buildConfigurations = (
				34DAFDFD1EBB691A006C7691 /* Debug */,
				34DAFDFE1EBB691A006C7691 /* Release */,
			);
			defaultConfigurationIsVisible = 0;
			defaultConfigurationName = Release;
		};
		34DAFDFF1EBB691A006C7691 /* Build configuration list for PBXNativeTarget "RougeLikeRpg" */ = {
			isa = XCConfigurationList;
			buildConfigurations = (
				34DAFE001EBB691A006C7691 /* Debug */,
				34DAFE011EBB691A006C7691 /* Release */,
			);
			defaultConfigurationIsVisible = 0;
			defaultConfigurationName = Release;
		};
/* End XCConfigurationList section */
	};
	rootObject = 34DAFDF01EBB691A006C7691 /* Project object */;
}
